hash: 27a2c31c0692373fb3c822bc6583da5a4a2d35f7c4080bf95e226add55efa21a
updated: 2017-01-07T07:45:27.4701384-06:00
imports:
- name: github.com/fsnotify/fsnotify
  version: fd9ec7deca8bf46ecd2a795baaacf2b3a9be1197
- name: github.com/hashicorp/hcl
  version: 80e628d796135357b3d2e33a985c666b9f35eee1
  subpackages:
  - hcl/ast
  - hcl/parser
  - hcl/scanner
  - hcl/strconv
  - hcl/token
  - json/parser
  - json/scanner
  - json/token
- name: github.com/inconshreveable/mousetrap
  version: 76626ae9c91c4f2a10f34cad8ce83ea42c93bb75
- name: github.com/magiconair/properties
  version: 9c47895dc1ce54302908ab8a43385d1f5df2c11c
- name: github.com/mitchellh/mapstructure
  version: bfdb1a85537d60bc7e954e600c250219ea497417
- name: github.com/pelletier/go-buffruneio
  version: df1e16fde7fc330a0ca68167c23bf7ed6ac31d6d
- name: github.com/pelletier/go-toml
  version: 439fbba1f887c286024370cb4f281ba815c4c7d7
- name: github.com/Sirupsen/logrus
  version: d26492970760ca5d33129d2d799e34be5c4782eb
- name: github.com/spf13/afero
  version: 90dd71edc4d0a8b3511dc12ea15d617d03be09e0
  subpackages:
  - mem
- name: github.com/spf13/cast
  version: 56a7ecbeb18dde53c6db4bd96b541fd9741b8d44
- name: github.com/spf13/cobra
  version: 1dd5ff2e11b6dca62fdcb275eb804b94607d8b06
- name: github.com/spf13/jwalterweatherman
  version: bccdd23ae5e51bd2b081814db093646c7af3d34d
- name: github.com/spf13/pflag
  version: 25f8b5b07aece3207895bf19f7ab517eb3b22a40
- name: github.com/spf13/viper
  version: 5ed0fc31f7f453625df314d8e66b9791e8d13003
- name: github.com/stretchr/testify
  version: 69483b4bd14f5845b5a1e55bca19e954e827f1d0
- name: golang.org/x/sys
  version: d75a52659825e75fff6158388dddc6a5b04f9ba5
  subpackages:
  - unix
- name: golang.org/x/text
  version: 44f4f658a783b0cee41fe0a23b8fc91d9c120558
  subpackages:
  - transform
  - unicode/norm
- name: gopkg.in/yaml.v2
  version: a5b47d31c556af34a302ce5d659e6fea44d90de0
testImports: []
